// !$*UTF8*$!
{
	archiveVersion = 1;
	classes = {
	};
	objectVersion = 46;
	objects = {

/* Begin PBXBuildFile section */
		BA3B32781DD816F8000AEFA0 /* AppDelegate.swift in Sources */ = {isa = PBXBuildFile; fileRef = BA3B32771DD816F8000AEFA0 /* AppDelegate.swift */; };
		BA3B327A1DD816F8000AEFA0 /* FaceViewController.swift in Sources */ = {isa = PBXBuildFile; fileRef = BA3B32791DD816F8000AEFA0 /* FaceViewController.swift */; };
		BA3B327D1DD816F8000AEFA0 /* Main.storyboard in Resources */ = {isa = PBXBuildFile; fileRef = BA3B327B1DD816F8000AEFA0 /* Main.storyboard */; };
		BA3B327F1DD816F8000AEFA0 /* Assets.xcassets in Resources */ = {isa = PBXBuildFile; fileRef = BA3B327E1DD816F8000AEFA0 /* Assets.xcassets */; };
		BA3B32821DD816F8000AEFA0 /* LaunchScreen.storyboard in Resources */ = {isa = PBXBuildFile; fileRef = BA3B32801DD816F8000AEFA0 /* LaunchScreen.storyboard */; };
		BA3B328C1DD8220F000AEFA0 /* FaceView.swift in Sources */ = {isa = PBXBuildFile; fileRef = BA3B328B1DD8220F000AEFA0 /* FaceView.swift */; };
/* End PBXBuildFile section */

/* Begin PBXFileReference section */
		BA3B32741DD816F8000AEFA0 /* FaceIt.app */ = {isa = PBXFileReference; explicitFileType = wrapper.application; includeInIndex = 0; path = FaceIt.app; sourceTree = BUILT_PRODUCTS_DIR; };
		BA3B32771DD816F8000AEFA0 /* AppDelegate.swift */ = {isa = PBXFileReference; lastKnownFileType = sourcecode.swift; path = AppDelegate.swift; sourceTree = "<group>"; };
		BA3B32791DD816F8000AEFA0 /* FaceViewController.swift */ = {isa = PBXFileReference; lastKnownFileType = sourcecode.swift; path = FaceViewController.swift; sourceTree = "<group>"; };
		BA3B327C1DD816F8000AEFA0 /* Base */ = {isa = PBXFileReference; lastKnownFileType = file.storyboard; name = Base; path = Base.lproj/Main.storyboard; sourceTree = "<group>"; };
		BA3B327E1DD816F8000AEFA0 /* Assets.xcassets */ = {isa = PBXFileReference; lastKnownFileType = folder.assetcatalog; path = Assets.xcassets; sourceTree = "<group>"; };
		BA3B32811DD816F8000AEFA0 /* Base */ = {isa = PBXFileReference; lastKnownFileType = file.storyboard; name = Base; path = Base.lproj/LaunchScreen.storyboard; sourceTree = "<group>"; };
		BA3B32831DD816F8000AEFA0 /* Info.plist */ = {isa = PBXFileReference; lastKnownFileType = text.plist.xml; path = Info.plist; sourceTree = "<group>"; };
		BA3B328B1DD8220F000AEFA0 /* FaceView.swift */ = {isa = PBXFileReference; fileEncoding = 4; lastKnownFileType = sourcecode.swift; path = FaceView.swift; sourceTree = "<group>"; };
/* End PBXFileReference section */

/* Begin PBXFrameworksBuildPhase section */
		BA3B32711DD816F8000AEFA0 /* Frameworks */ = {
			isa = PBXFrameworksBuildPhase;
			buildActionMask = 2147483647;
			files = (
			);
			runOnlyForDeploymentPostprocessing = 0;
		};
/* End PBXFrameworksBuildPhase section */

/* Begin PBXGroup section */
		BA3B326B1DD816F8000AEFA0 = {
			isa = PBXGroup;
			children = (
				BA3B32761DD816F8000AEFA0 /* FaceIt */,
				BA3B32751DD816F8000AEFA0 /* Products */,
			);
			sourceTree = "<group>";
		};
		BA3B32751DD816F8000AEFA0 /* Products */ = {
			isa = PBXGroup;
			children = (
				BA3B32741DD816F8000AEFA0 /* FaceIt.app */,
			);
			name = Products;
			sourceTree = "<group>";
		};
		BA3B32761DD816F8000AEFA0 /* FaceIt */ = {
			isa = PBXGroup;
			children = (
				BA3B32791DD816F8000AEFA0 /* FaceViewController.swift */,
				BA3B327B1DD816F8000AEFA0 /* Main.storyboard */,
				BA3B328B1DD8220F000AEFA0 /* FaceView.swift */,
				BA3B328A1DD8176F000AEFA0 /* Supporting Files */,
			);
			path = FaceIt;
			sourceTree = "<group>";
		};
		BA3B328A1DD8176F000AEFA0 /* Supporting Files */ = {
			isa = PBXGroup;
			children = (
				BA3B32771DD816F8000AEFA0 /* AppDelegate.swift */,
				BA3B327E1DD816F8000AEFA0 /* Assets.xcassets */,
				BA3B32801DD816F8000AEFA0 /* LaunchScreen.storyboard */,
				BA3B32831DD816F8000AEFA0 /* Info.plist */,
			);
			name = "Supporting Files";
			sourceTree = "<group>";
		};
/* End PBXGroup section */

/* Begin PBXNativeTarget section */
		BA3B32731DD816F8000AEFA0 /* FaceIt */ = {
			isa = PBXNativeTarget;
			buildConfigurationList = BA3B32861DD816F8000AEFA0 /* Build configuration list for PBXNativeTarget "FaceIt" */;
			buildPhases = (
				BA3B32701DD816F8000AEFA0 /* Sources */,
				BA3B32711DD816F8000AEFA0 /* Frameworks */,
				BA3B32721DD816F8000AEFA0 /* Resources */,
			);
			buildRules = (
			);
			dependencies = (
			);
			name = FaceIt;
			productName = FaceIt;
			productReference = BA3B32741DD816F8000AEFA0 /* FaceIt.app */;
			productType = "com.apple.product-type.application";
		};
/* End PBXNativeTarget section */

/* Begin PBXProject section */
		BA3B326C1DD816F8000AEFA0 /* Project object */ = {
			isa = PBXProject;
			attributes = {
				LastSwiftUpdateCheck = 0730;
				LastUpgradeCheck = 0730;
				ORGANIZATIONNAME = DDRG;
				TargetAttributes = {
					BA3B32731DD816F8000AEFA0 = {
						CreatedOnToolsVersion = 7.3;
					};
				};
			};
			buildConfigurationList = BA3B326F1DD816F8000AEFA0 /* Build configuration list for PBXProject "FaceIt" */;
			compatibilityVersion = "Xcode 3.2";
			developmentRegion = English;
			hasScannedForEncodings = 0;
			knownRegions = (
				en,
				Base,
			);
			mainGroup = BA3B326B1DD816F8000AEFA0;
			productRefGroup = BA3B32751DD816F8000AEFA0 /* Products */;
			projectDirPath = "";
			projectRoot = "";
			targets = (
				BA3B32731DD816F8000AEFA0 /* FaceIt */,
			);
		};
/* End PBXProject section */

/* Begin PBXResourcesBuildPhase section */
		BA3B32721DD816F8000AEFA0 /* Resources */ = {
			isa = PBXResourcesBuildPhase;
			buildActionMask = 2147483647;
			files = (
				BA3B32821DD816F8000AEFA0 /* LaunchScreen.storyboard in Resources */,
				BA3B327F1DD816F8000AEFA0 /* Assets.xcassets in Resources */,
				BA3B327D1DD816F8000AEFA0 /* Main.storyboard in Resources */,
			);
			runOnlyForDeploymentPostprocessing = 0;
		};
/* End PBXResourcesBuildPhase section */

/* Begin PBXSourcesBuildPhase section */
		BA3B32701DD816F8000AEFA0 /* Sources */ = {
			isa = PBXSourcesBuildPhase;
			buildActionMask = 2147483647;
			files = (
				BA3B327A1DD816F8000AEFA0 /* FaceViewController.swift in Sources */,
				BA3B32781DD816F8000AEFA0 /* AppDelegate.swift in Sources */,
				BA3B328C1DD8220F000AEFA0 /* FaceView.swift in Sources */,
			);
			runOnlyForDeploymentPostprocessing = 0;
		};
/* End PBXSourcesBuildPhase section */

/* Begin PBXVariantGroup section */
		BA3B327B1DD816F8000AEFA0 /* Main.storyboard */ = {
			isa = PBXVariantGroup;
			children = (
				BA3B327C1DD816F8000AEFA0 /* Base */,
			);
			name = Main.storyboard;
			sourceTree = "<group>";
		};
		BA3B32801DD816F8000AEFA0 /* LaunchScreen.storyboard */ = {
			isa = PBXVariantGroup;
			children = (
				BA3B32811DD816F8000AEFA0 /* Base */,
			);
			name = LaunchScreen.storyboard;
			sourceTree = "<group>";
		};
/* End PBXVariantGroup section */

/* Begin XCBuildConfiguration section */
		BA3B32841DD816F8000AEFA0 /* Debug */ = {
			isa = XCBuildConfiguration;
			buildSettings = {
				ALWAYS_SEARCH_USER_PATHS = NO;
				CLANG_ANALYZER_NONNULL = YES;
				CLANG_CXX_LANGUAGE_STANDARD = "gnu++0x";
				CLANG_CXX_LIBRARY = "libc++";
				CLANG_ENABLE_MODULES = YES;
				CLANG_ENABLE_OBJC_ARC = YES;
				CLANG_WARN_BOOL_CONVERSION = YES;
				CLANG_WARN_CONSTANT_CONVERSION = YES;
				CLANG_WARN_DIRECT_OBJC_ISA_USAGE = YES_ERROR;
				CLANG_WARN_EMPTY_BODY = YES;
				CLANG_WARN_ENUM_CONVERSION = YES;
				CLANG_WARN_INT_CONVERSION = YES;
				CLANG_WARN_OBJC_ROOT_CLASS = YES_ERROR;
				CLANG_WARN_UNREACHABLE_CODE = YES;
				CLANG_WARN__DUPLICATE_METHOD_MATCH = YES;
				"CODE_SIGN_IDENTITY[sdk=iphoneos*]" = "iPhone Developer";
				COPY_PHASE_STRIP = NO;
				DEBUG_INFORMATION_FORMAT = dwarf;
				ENABLE_STRICT_OBJC_MSGSEND = YES;
				ENABLE_TESTABILITY = YES;
				GCC_C_LANGUAGE_STANDARD = gnu99;
				GCC_DYNAMIC_NO_PIC = NO;
				GCC_NO_COMMON_BLOCKS = YES;
				GCC_OPTIMIZATION_LEVEL = 0;
				GCC_PREPROCESSOR_DEFINITIONS = (
					"DEBUG=1",
					"$(inherited)",
				);
				GCC_WARN_64_TO_32_BIT_CONVERSION = YES;
				GCC_WARN_ABOUT_RETURN_TYPE = YES_ERROR;
				GCC_WARN_UNDECLARED_SELECTOR = YES;
				GCC_WARN_UNINITIALIZED_AUTOS = YES_AGGRESSIVE;
				GCC_WARN_UNUSED_FUNCTION = YES;
				GCC_WARN_UNUSED_VARIABLE = YES;
				IPHONEOS_DEPLOYMENT_TARGET = 9.3;
				MTL_ENABLE_DEBUG_INFO = YES;
				ONLY_ACTIVE_ARCH = YES;
				SDKROOT = iphoneos;
				SWIFT_OPTIMIZATION_LEVEL = "-Onone";
				TARGETED_DEVICE_FAMILY = "1,2";
			};
			name = Debug;
		};
		BA3B32851DD816F8000AEFA0 /* Release */ = {
			isa = XCBuildConfiguration;
			buildSettings = {
				ALWAYS_SEARCH_USER_PATHS = NO;
				CLANG_ANALYZER_NONNULL = YES;
				CLANG_CXX_LANGUAGE_STANDARD = "gnu++0x";
				CLANG_CXX_LIBRARY = "libc++";
				CLANG_ENABLE_MODULES = YES;
				CLANG_ENABLE_OBJC_ARC = YES;
				CLANG_WARN_BOOL_CONVERSION = YES;
				CLANG_WARN_CONSTANT_CONVERSION = YES;
				CLANG_WARN_DIRECT_OBJC_ISA_USAGE = YES_ERROR;
				CLANG_WARN_EMPTY_BODY = YES;
				CLANG_WARN_ENUM_CONVERSION = YES;
				CLANG_WARN_INT_CONVERSION = YES;
				CLANG_WARN_OBJC_ROOT_CLASS = YES_ERROR;
				CLANG_WARN_UNREACHABLE_CODE = YES;
				CLANG_WARN__DUPLICATE_METHOD_MATCH = YES;
				"CODE_SIGN_IDENTITY[sdk=iphoneos*]" = "iPhone Developer";
				COPY_PHASE_STRIP = NO;
				DEBUG_INFORMATION_FORMAT = "dwarf-with-dsym";
				ENABLE_NS_ASSERTIONS = NO;
				ENABLE_STRICT_OBJC_MSGSEND = YES;
				GCC_C_LANGUAGE_STANDARD = gnu99;
				GCC_NO_COMMON_BLOCKS = YES;
				GCC_WARN_64_TO_32_BIT_CONVERSION = YES;
				GCC_WARN_ABOUT_RETURN_TYPE = YES_ERROR;
				GCC_WARN_UNDECLARED_SELECTOR = YES;
				GCC_WARN_UNINITIALIZED_AUTOS = YES_AGGRESSIVE;
				GCC_WARN_UNUSED_FUNCTION = YES;
				GCC_WARN_UNUSED_VARIABLE = YES;
				IPHONEOS_DEPLOYMENT_TARGET = 9.3;
				MTL_ENABLE_DEBUG_INFO = NO;
				SDKROOT = iphoneos;
				TARGETED_DEVICE_FAMILY = "1,2";
				VALIDATE_PRODUCT = YES;
			};
			name = Release;
		};
		BA3B32871DD816F8000AEFA0 /* Debug */ = {
			isa = XCBuildConfiguration;
			buildSettings = {
				ASSETCATALOG_COMPILER_APPICON_NAME = AppIcon;
				INFOPLIST_FILE = FaceIt/Info.plist;
				LD_RUNPATH_SEARCH_PATHS = "$(inherited) @executable_path/Frameworks";
				PRODUCT_BUNDLE_IDENTIFIER = edu.stanford.cs193p.instructor.FaceIt;
				PRODUCT_NAME = "$(TARGET_NAME)";
			};
			name = Debug;
		};
		BA3B32881DD816F8000AEFA0 /* Release */ = {
			isa = XCBuildConfiguration;
			buildSettings = {
				ASSETCATALOG_COMPILER_APPICON_NAME = AppIcon;
				INFOPLIST_FILE = FaceIt/Info.plist;
				LD_RUNPATH_SEARCH_PATHS = "$(inherited) @executable_path/Frameworks";
				PRODUCT_BUNDLE_IDENTIFIER = edu.stanford.cs193p.instructor.FaceIt;
				PRODUCT_NAME = "$(TARGET_NAME)";
			};
			name = Release;
		};
/* End XCBuildConfiguration section */

/* Begin XCConfigurationList section */
		BA3B326F1DD816F8000AEFA0 /* Build configuration list for PBXProject "FaceIt" */ = {
			isa = XCConfigurationList;
			buildConfigurations = (
				BA3B32841DD816F8000AEFA0 /* Debug */,
				BA3B32851DD816F8000AEFA0 /* Release */,
			);
			defaultConfigurationIsVisible = 0;
			defaultConfigurationName = Release;
		};
		BA3B32861DD816F8000AEFA0 /* Build configuration list for PBXNativeTarget "FaceIt" */ = {
			isa = XCConfigurationList;
			buildConfigurations = (
				BA3B32871DD816F8000AEFA0 /* Debug */,
				BA3B32881DD816F8000AEFA0 /* Release */,
			);
			defaultConfigurationIsVisible = 0;
		};
/* End XCConfigurationList section */
	};
	rootObject = BA3B326C1DD816F8000AEFA0 /* Project object */;
}
